// !$*UTF8*$!
{
	archiveVersion = 1;
	classes = {
	};
	objectVersion = 56;
	objects = {

/* Begin PBXBuildFile section */
		B500071629D4474500F5D728 /* HomePage.swift in Sources */ = {isa = PBXBuildFile; fileRef = B500071529D4474500F5D728 /* HomePage.swift */; };
		B500071829D447E500F5D728 /* LocationsPage.swift in Sources */ = {isa = PBXBuildFile; fileRef = B500071729D447E500F5D728 /* LocationsPage.swift */; };
		B500071A29D4483A00F5D728 /* SettingsPage.swift in Sources */ = {isa = PBXBuildFile; fileRef = B500071929D4483A00F5D728 /* SettingsPage.swift */; };
		B500071C29D44FB700F5D728 /* JourneyPage.swift in Sources */ = {isa = PBXBuildFile; fileRef = B500071B29D44FB700F5D728 /* JourneyPage.swift */; };
		B500071E29D44FDF00F5D728 /* ChatPage.swift in Sources */ = {isa = PBXBuildFile; fileRef = B500071D29D44FDF00F5D728 /* ChatPage.swift */; };
		B500072229D4512800F5D728 /* NavBar.swift in Sources */ = {isa = PBXBuildFile; fileRef = B500072129D4512800F5D728 /* NavBar.swift */; };
		B561814729D6F38900EEC7DA /* ClickableWeatherInterval.swift in Sources */ = {isa = PBXBuildFile; fileRef = B561814629D6F38900EEC7DA /* ClickableWeatherInterval.swift */; };
		B561814A29D6F66300EEC7DA /* SelectedWeatherInterval.swift in Sources */ = {isa = PBXBuildFile; fileRef = B561814929D6F66300EEC7DA /* SelectedWeatherInterval.swift */; };
		B578712229D2D2DE00B39100 /* OnboardingScreen.swift in Sources */ = {isa = PBXBuildFile; fileRef = B578712129D2D2DE00B39100 /* OnboardingScreen.swift */; };
		B5EC2ADA29CEF85F0010B005 /* StormyClientApp.swift in Sources */ = {isa = PBXBuildFile; fileRef = B5EC2AD929CEF85F0010B005 /* StormyClientApp.swift */; };
		B5EC2ADC29CEF85F0010B005 /* ContentView.swift in Sources */ = {isa = PBXBuildFile; fileRef = B5EC2ADB29CEF85F0010B005 /* ContentView.swift */; };
		B5EC2ADE29CEF8600010B005 /* Assets.xcassets in Resources */ = {isa = PBXBuildFile; fileRef = B5EC2ADD29CEF8600010B005 /* Assets.xcassets */; };
		B5EC2AE129CEF8600010B005 /* Preview Assets.xcassets in Resources */ = {isa = PBXBuildFile; fileRef = B5EC2AE029CEF8600010B005 /* Preview Assets.xcassets */; };
		B5F2D2E829D5EB9D00877455 /* WeatherModel.swift in Sources */ = {isa = PBXBuildFile; fileRef = B5F2D2E729D5EB9D00877455 /* WeatherModel.swift */; };
		B5F2D2EB29D5EBD400877455 /* WeatherRepository.swift in Sources */ = {isa = PBXBuildFile; fileRef = B5F2D2EA29D5EBD400877455 /* WeatherRepository.swift */; };
		B5F2D2ED29D5EBF800877455 /* LocationManager.swift in Sources */ = {isa = PBXBuildFile; fileRef = B5F2D2EC29D5EBF800877455 /* LocationManager.swift */; };
		B5F2D2EF29D5EC3900877455 /* SettingsContainer.swift in Sources */ = {isa = PBXBuildFile; fileRef = B5F2D2EE29D5EC3900877455 /* SettingsContainer.swift */; };
/* End PBXBuildFile section */

/* Begin PBXFileReference section */
		B500071529D4474500F5D728 /* HomePage.swift */ = {isa = PBXFileReference; lastKnownFileType = sourcecode.swift; path = HomePage.swift; sourceTree = "<group>"; };
		B500071729D447E500F5D728 /* LocationsPage.swift */ = {isa = PBXFileReference; lastKnownFileType = sourcecode.swift; path = LocationsPage.swift; sourceTree = "<group>"; };
		B500071929D4483A00F5D728 /* SettingsPage.swift */ = {isa = PBXFileReference; lastKnownFileType = sourcecode.swift; path = SettingsPage.swift; sourceTree = "<group>"; };
		B500071B29D44FB700F5D728 /* JourneyPage.swift */ = {isa = PBXFileReference; lastKnownFileType = sourcecode.swift; path = JourneyPage.swift; sourceTree = "<group>"; };
		B500071D29D44FDF00F5D728 /* ChatPage.swift */ = {isa = PBXFileReference; lastKnownFileType = sourcecode.swift; path = ChatPage.swift; sourceTree = "<group>"; };
		B500072129D4512800F5D728 /* NavBar.swift */ = {isa = PBXFileReference; lastKnownFileType = sourcecode.swift; path = NavBar.swift; sourceTree = "<group>"; };
		B561814629D6F38900EEC7DA /* ClickableWeatherInterval.swift */ = {isa = PBXFileReference; lastKnownFileType = sourcecode.swift; path = ClickableWeatherInterval.swift; sourceTree = "<group>"; };
		B561814929D6F66300EEC7DA /* SelectedWeatherInterval.swift */ = {isa = PBXFileReference; lastKnownFileType = sourcecode.swift; path = SelectedWeatherInterval.swift; sourceTree = "<group>"; };
		B578712129D2D2DE00B39100 /* OnboardingScreen.swift */ = {isa = PBXFileReference; lastKnownFileType = sourcecode.swift; path = OnboardingScreen.swift; sourceTree = "<group>"; };
		B5EC2AD629CEF85F0010B005 /* StormyClient.app */ = {isa = PBXFileReference; explicitFileType = wrapper.application; includeInIndex = 0; path = StormyClient.app; sourceTree = BUILT_PRODUCTS_DIR; };
		B5EC2AD929CEF85F0010B005 /* StormyClientApp.swift */ = {isa = PBXFileReference; lastKnownFileType = sourcecode.swift; path = StormyClientApp.swift; sourceTree = "<group>"; };
		B5EC2ADB29CEF85F0010B005 /* ContentView.swift */ = {isa = PBXFileReference; lastKnownFileType = sourcecode.swift; path = ContentView.swift; sourceTree = "<group>"; };
		B5EC2ADD29CEF8600010B005 /* Assets.xcassets */ = {isa = PBXFileReference; lastKnownFileType = folder.assetcatalog; path = Assets.xcassets; sourceTree = "<group>"; };
		B5EC2AE029CEF8600010B005 /* Preview Assets.xcassets */ = {isa = PBXFileReference; lastKnownFileType = folder.assetcatalog; path = "Preview Assets.xcassets"; sourceTree = "<group>"; };
		B5F2D2E729D5EB9D00877455 /* WeatherModel.swift */ = {isa = PBXFileReference; lastKnownFileType = sourcecode.swift; path = WeatherModel.swift; sourceTree = "<group>"; };
		B5F2D2EA29D5EBD400877455 /* WeatherRepository.swift */ = {isa = PBXFileReference; lastKnownFileType = sourcecode.swift; path = WeatherRepository.swift; sourceTree = "<group>"; };
		B5F2D2EC29D5EBF800877455 /* LocationManager.swift */ = {isa = PBXFileReference; lastKnownFileType = sourcecode.swift; path = LocationManager.swift; sourceTree = "<group>"; };
		B5F2D2EE29D5EC3900877455 /* SettingsContainer.swift */ = {isa = PBXFileReference; lastKnownFileType = sourcecode.swift; path = SettingsContainer.swift; sourceTree = "<group>"; };
/* End PBXFileReference section */

/* Begin PBXFrameworksBuildPhase section */
		B5EC2AD329CEF85F0010B005 /* Frameworks */ = {
			isa = PBXFrameworksBuildPhase;
			buildActionMask = 2147483647;
			files = (
			);
			runOnlyForDeploymentPostprocessing = 0;
		};
/* End PBXFrameworksBuildPhase section */

/* Begin PBXGroup section */
		B500071229D4471900F5D728 /* pages */ = {
			isa = PBXGroup;
			children = (
				B500071529D4474500F5D728 /* HomePage.swift */,
				B500071729D447E500F5D728 /* LocationsPage.swift */,
				B500071929D4483A00F5D728 /* SettingsPage.swift */,
				B500071B29D44FB700F5D728 /* JourneyPage.swift */,
				B500071D29D44FDF00F5D728 /* ChatPage.swift */,
			);
			path = pages;
			sourceTree = "<group>";
		};
		B500071F29D450F100F5D728 /* components */ = {
			isa = PBXGroup;
			children = (
				B561814829D6F39700EEC7DA /* home page */,
				B500072129D4512800F5D728 /* NavBar.swift */,
			);
			path = components;
			sourceTree = "<group>";
		};
		B561814829D6F39700EEC7DA /* home page */ = {
			isa = PBXGroup;
			children = (
				B561814629D6F38900EEC7DA /* ClickableWeatherInterval.swift */,
				B561814929D6F66300EEC7DA /* SelectedWeatherInterval.swift */,
			);
			path = "home page";
			sourceTree = "<group>";
		};
		B578712029D2D2B800B39100 /* onboarding */ = {
			isa = PBXGroup;
			children = (
				B578712129D2D2DE00B39100 /* OnboardingScreen.swift */,
			);
			path = onboarding;
			sourceTree = "<group>";
		};
		B5EC2ACD29CEF85F0010B005 = {
			isa = PBXGroup;
			children = (
				B5EC2AD829CEF85F0010B005 /* StormyClient */,
				B5EC2AD729CEF85F0010B005 /* Products */,
			);
			sourceTree = "<group>";
		};
		B5EC2AD729CEF85F0010B005 /* Products */ = {
			isa = PBXGroup;
			children = (
				B5EC2AD629CEF85F0010B005 /* StormyClient.app */,
			);
			name = Products;
			sourceTree = "<group>";
		};
		B5EC2AD829CEF85F0010B005 /* StormyClient */ = {
			isa = PBXGroup;
			children = (
				B5F2D2E929D5EBC000877455 /* repository */,
				B5F2D2E629D5EB8F00877455 /* model */,
				B500071F29D450F100F5D728 /* components */,
				B500071229D4471900F5D728 /* pages */,
				B578712029D2D2B800B39100 /* onboarding */,
				B5EC2AD929CEF85F0010B005 /* StormyClientApp.swift */,
				B5EC2ADB29CEF85F0010B005 /* ContentView.swift */,
				B5EC2ADD29CEF8600010B005 /* Assets.xcassets */,
				B5EC2ADF29CEF8600010B005 /* Preview Content */,
				B5F2D2EC29D5EBF800877455 /* LocationManager.swift */,
				B5F2D2EE29D5EC3900877455 /* SettingsContainer.swift */,
			);
			path = StormyClient;
			sourceTree = "<group>";
		};
		B5EC2ADF29CEF8600010B005 /* Preview Content */ = {
			isa = PBXGroup;
			children = (
				B5EC2AE029CEF8600010B005 /* Preview Assets.xcassets */,
			);
			path = "Preview Content";
			sourceTree = "<group>";
		};
		B5F2D2E629D5EB8F00877455 /* model */ = {
			isa = PBXGroup;
			children = (
				B5F2D2E729D5EB9D00877455 /* WeatherModel.swift */,
			);
			path = model;
			sourceTree = "<group>";
		};
		B5F2D2E929D5EBC000877455 /* repository */ = {
			isa = PBXGroup;
			children = (
				B5F2D2EA29D5EBD400877455 /* WeatherRepository.swift */,
			);
			path = repository;
			sourceTree = "<group>";
		};
/* End PBXGroup section */

/* Begin PBXNativeTarget section */
		B5EC2AD529CEF85F0010B005 /* StormyClient */ = {
			isa = PBXNativeTarget;
			buildConfigurationList = B5EC2AE429CEF8600010B005 /* Build configuration list for PBXNativeTarget "StormyClient" */;
			buildPhases = (
				B5EC2AD229CEF85F0010B005 /* Sources */,
				B5EC2AD329CEF85F0010B005 /* Frameworks */,
				B5EC2AD429CEF85F0010B005 /* Resources */,
			);
			buildRules = (
			);
			dependencies = (
			);
			name = StormyClient;
			productName = StormyClient;
			productReference = B5EC2AD629CEF85F0010B005 /* StormyClient.app */;
			productType = "com.apple.product-type.application";
		};
/* End PBXNativeTarget section */

/* Begin PBXProject section */
		B5EC2ACE29CEF85F0010B005 /* Project object */ = {
			isa = PBXProject;
			attributes = {
				BuildIndependentTargetsInParallel = 1;
				LastSwiftUpdateCheck = 1420;
				LastUpgradeCheck = 1420;
				TargetAttributes = {
					B5EC2AD529CEF85F0010B005 = {
						CreatedOnToolsVersion = 14.2;
					};
				};
			};
			buildConfigurationList = B5EC2AD129CEF85F0010B005 /* Build configuration list for PBXProject "StormyClient" */;
			compatibilityVersion = "Xcode 14.0";
			developmentRegion = en;
			hasScannedForEncodings = 0;
			knownRegions = (
				en,
				Base,
			);
			mainGroup = B5EC2ACD29CEF85F0010B005;
			productRefGroup = B5EC2AD729CEF85F0010B005 /* Products */;
			projectDirPath = "";
			projectRoot = "";
			targets = (
				B5EC2AD529CEF85F0010B005 /* StormyClient */,
			);
		};
/* End PBXProject section */

/* Begin PBXResourcesBuildPhase section */
		B5EC2AD429CEF85F0010B005 /* Resources */ = {
			isa = PBXResourcesBuildPhase;
			buildActionMask = 2147483647;
			files = (
				B5EC2AE129CEF8600010B005 /* Preview Assets.xcassets in Resources */,
				B5EC2ADE29CEF8600010B005 /* Assets.xcassets in Resources */,
			);
			runOnlyForDeploymentPostprocessing = 0;
		};
/* End PBXResourcesBuildPhase section */

/* Begin PBXSourcesBuildPhase section */
		B5EC2AD229CEF85F0010B005 /* Sources */ = {
			isa = PBXSourcesBuildPhase;
			buildActionMask = 2147483647;
			files = (
				B5EC2ADC29CEF85F0010B005 /* ContentView.swift in Sources */,
				B500071C29D44FB700F5D728 /* JourneyPage.swift in Sources */,
				B561814729D6F38900EEC7DA /* ClickableWeatherInterval.swift in Sources */,
				B500072229D4512800F5D728 /* NavBar.swift in Sources */,
				B5EC2ADA29CEF85F0010B005 /* StormyClientApp.swift in Sources */,
				B561814A29D6F66300EEC7DA /* SelectedWeatherInterval.swift in Sources */,
				B5F2D2E829D5EB9D00877455 /* WeatherModel.swift in Sources */,
				B578712229D2D2DE00B39100 /* OnboardingScreen.swift in Sources */,
				B500071A29D4483A00F5D728 /* SettingsPage.swift in Sources */,
				B500071829D447E500F5D728 /* LocationsPage.swift in Sources */,
				B5F2D2EF29D5EC3900877455 /* SettingsContainer.swift in Sources */,
				B5F2D2ED29D5EBF800877455 /* LocationManager.swift in Sources */,
				B500071E29D44FDF00F5D728 /* ChatPage.swift in Sources */,
				B5F2D2EB29D5EBD400877455 /* WeatherRepository.swift in Sources */,
				B500071629D4474500F5D728 /* HomePage.swift in Sources */,
			);
			runOnlyForDeploymentPostprocessing = 0;
		};
/* End PBXSourcesBuildPhase section */

/* Begin XCBuildConfiguration section */
		B5EC2AE229CEF8600010B005 /* Debug */ = {
			isa = XCBuildConfiguration;
			buildSettings = {
				ALWAYS_SEARCH_USER_PATHS = NO;
				CLANG_ANALYZER_NONNULL = YES;
				CLANG_ANALYZER_NUMBER_OBJECT_CONVERSION = YES_AGGRESSIVE;
				CLANG_CXX_LANGUAGE_STANDARD = "gnu++20";
				CLANG_ENABLE_MODULES = YES;
				CLANG_ENABLE_OBJC_ARC = YES;
				CLANG_ENABLE_OBJC_WEAK = YES;
				CLANG_WARN_BLOCK_CAPTURE_AUTORELEASING = YES;
				CLANG_WARN_BOOL_CONVERSION = YES;
				CLANG_WARN_COMMA = YES;
				CLANG_WARN_CONSTANT_CONVERSION = YES;
				CLANG_WARN_DEPRECATED_OBJC_IMPLEMENTATIONS = YES;
				CLANG_WARN_DIRECT_OBJC_ISA_USAGE = YES_ERROR;
				CLANG_WARN_DOCUMENTATION_COMMENTS = YES;
				CLANG_WARN_EMPTY_BODY = YES;
				CLANG_WARN_ENUM_CONVERSION = YES;
				CLANG_WARN_INFINITE_RECURSION = YES;
				CLANG_WARN_INT_CONVERSION = YES;
				CLANG_WARN_NON_LITERAL_NULL_CONVERSION = YES;
				CLANG_WARN_OBJC_IMPLICIT_RETAIN_SELF = YES;
				CLANG_WARN_OBJC_LITERAL_CONVERSION = YES;
				CLANG_WARN_OBJC_ROOT_CLASS = YES_ERROR;
				CLANG_WARN_QUOTED_INCLUDE_IN_FRAMEWORK_HEADER = YES;
				CLANG_WARN_RANGE_LOOP_ANALYSIS = YES;
				CLANG_WARN_STRICT_PROTOTYPES = YES;
				CLANG_WARN_SUSPICIOUS_MOVE = YES;
				CLANG_WARN_UNGUARDED_AVAILABILITY = YES_AGGRESSIVE;
				CLANG_WARN_UNREACHABLE_CODE = YES;
				CLANG_WARN__DUPLICATE_METHOD_MATCH = YES;
				COPY_PHASE_STRIP = NO;
				DEBUG_INFORMATION_FORMAT = dwarf;
				ENABLE_STRICT_OBJC_MSGSEND = YES;
				ENABLE_TESTABILITY = YES;
				GCC_C_LANGUAGE_STANDARD = gnu11;
				GCC_DYNAMIC_NO_PIC = NO;
				GCC_NO_COMMON_BLOCKS = YES;
				GCC_OPTIMIZATION_LEVEL = 0;
				GCC_PREPROCESSOR_DEFINITIONS = (
					"DEBUG=1",
					"$(inherited)",
				);
				GCC_WARN_64_TO_32_BIT_CONVERSION = YES;
				GCC_WARN_ABOUT_RETURN_TYPE = YES_ERROR;
				GCC_WARN_UNDECLARED_SELECTOR = YES;
				GCC_WARN_UNINITIALIZED_AUTOS = YES_AGGRESSIVE;
				GCC_WARN_UNUSED_FUNCTION = YES;
				GCC_WARN_UNUSED_VARIABLE = YES;
				IPHONEOS_DEPLOYMENT_TARGET = 16.2;
				MTL_ENABLE_DEBUG_INFO = INCLUDE_SOURCE;
				MTL_FAST_MATH = YES;
				ONLY_ACTIVE_ARCH = YES;
				SDKROOT = iphoneos;
				SWIFT_ACTIVE_COMPILATION_CONDITIONS = DEBUG;
				SWIFT_OPTIMIZATION_LEVEL = "-Onone";
			};
			name = Debug;
		};
		B5EC2AE329CEF8600010B005 /* Release */ = {
			isa = XCBuildConfiguration;
			buildSettings = {
				ALWAYS_SEARCH_USER_PATHS = NO;
				CLANG_ANALYZER_NONNULL = YES;
				CLANG_ANALYZER_NUMBER_OBJECT_CONVERSION = YES_AGGRESSIVE;
				CLANG_CXX_LANGUAGE_STANDARD = "gnu++20";
				CLANG_ENABLE_MODULES = YES;
				CLANG_ENABLE_OBJC_ARC = YES;
				CLANG_ENABLE_OBJC_WEAK = YES;
				CLANG_WARN_BLOCK_CAPTURE_AUTORELEASING = YES;
				CLANG_WARN_BOOL_CONVERSION = YES;
				CLANG_WARN_COMMA = YES;
				CLANG_WARN_CONSTANT_CONVERSION = YES;
				CLANG_WARN_DEPRECATED_OBJC_IMPLEMENTATIONS = YES;
				CLANG_WARN_DIRECT_OBJC_ISA_USAGE = YES_ERROR;
				CLANG_WARN_DOCUMENTATION_COMMENTS = YES;
				CLANG_WARN_EMPTY_BODY = YES;
				CLANG_WARN_ENUM_CONVERSION = YES;
				CLANG_WARN_INFINITE_RECURSION = YES;
				CLANG_WARN_INT_CONVERSION = YES;
				CLANG_WARN_NON_LITERAL_NULL_CONVERSION = YES;
				CLANG_WARN_OBJC_IMPLICIT_RETAIN_SELF = YES;
				CLANG_WARN_OBJC_LITERAL_CONVERSION = YES;
				CLANG_WARN_OBJC_ROOT_CLASS = YES_ERROR;
				CLANG_WARN_QUOTED_INCLUDE_IN_FRAMEWORK_HEADER = YES;
				CLANG_WARN_RANGE_LOOP_ANALYSIS = YES;
				CLANG_WARN_STRICT_PROTOTYPES = YES;
				CLANG_WARN_SUSPICIOUS_MOVE = YES;
				CLANG_WARN_UNGUARDED_AVAILABILITY = YES_AGGRESSIVE;
				CLANG_WARN_UNREACHABLE_CODE = YES;
				CLANG_WARN__DUPLICATE_METHOD_MATCH = YES;
				COPY_PHASE_STRIP = NO;
				DEBUG_INFORMATION_FORMAT = "dwarf-with-dsym";
				ENABLE_NS_ASSERTIONS = NO;
				ENABLE_STRICT_OBJC_MSGSEND = YES;
				GCC_C_LANGUAGE_STANDARD = gnu11;
				GCC_NO_COMMON_BLOCKS = YES;
				GCC_WARN_64_TO_32_BIT_CONVERSION = YES;
				GCC_WARN_ABOUT_RETURN_TYPE = YES_ERROR;
				GCC_WARN_UNDECLARED_SELECTOR = YES;
				GCC_WARN_UNINITIALIZED_AUTOS = YES_AGGRESSIVE;
				GCC_WARN_UNUSED_FUNCTION = YES;
				GCC_WARN_UNUSED_VARIABLE = YES;
				IPHONEOS_DEPLOYMENT_TARGET = 16.2;
				MTL_ENABLE_DEBUG_INFO = NO;
				MTL_FAST_MATH = YES;
				SDKROOT = iphoneos;
				SWIFT_COMPILATION_MODE = wholemodule;
				SWIFT_OPTIMIZATION_LEVEL = "-O";
				VALIDATE_PRODUCT = YES;
			};
			name = Release;
		};
		B5EC2AE529CEF8600010B005 /* Debug */ = {
			isa = XCBuildConfiguration;
			buildSettings = {
				ASSETCATALOG_COMPILER_APPICON_NAME = AppIcon;
				ASSETCATALOG_COMPILER_GLOBAL_ACCENT_COLOR_NAME = AccentColor;
				CODE_SIGN_STYLE = Automatic;
				CURRENT_PROJECT_VERSION = 1;
				DEVELOPMENT_ASSET_PATHS = "\"StormyClient/Preview Content\"";
				DEVELOPMENT_TEAM = TYRX6N2F5G;
				ENABLE_PREVIEWS = YES;
				GENERATE_INFOPLIST_FILE = YES;
				INFOPLIST_KEY_CFBundleDisplayName = Stormy;
				INFOPLIST_KEY_NSLocationWhenInUseUsageDescription = "Location will be used in the app for wather syncing.";
				INFOPLIST_KEY_UIApplicationSceneManifest_Generation = YES;
				INFOPLIST_KEY_UIApplicationSupportsIndirectInputEvents = YES;
				INFOPLIST_KEY_UILaunchScreen_Generation = YES;
				INFOPLIST_KEY_UISupportedInterfaceOrientations_iPad = "UIInterfaceOrientationPortrait UIInterfaceOrientationPortraitUpsideDown UIInterfaceOrientationLandscapeLeft UIInterfaceOrientationLandscapeRight";
				INFOPLIST_KEY_UISupportedInterfaceOrientations_iPhone = "UIInterfaceOrientationPortrait UIInterfaceOrientationLandscapeLeft UIInterfaceOrientationLandscapeRight";
				LD_RUNPATH_SEARCH_PATHS = (
					"$(inherited)",
					"@executable_path/Frameworks",
				);
				MARKETING_VERSION = 1.0;
				PRODUCT_BUNDLE_IDENTIFIER = com.fontys.StormyClient;
				PRODUCT_NAME = "$(TARGET_NAME)";
				SWIFT_EMIT_LOC_STRINGS = YES;
				SWIFT_VERSION = 5.0;
				TARGETED_DEVICE_FAMILY = "1,2";
			};
			name = Debug;
		};
		B5EC2AE629CEF8600010B005 /* Release */ = {
			isa = XCBuildConfiguration;
			buildSettings = {
				ASSETCATALOG_COMPILER_APPICON_NAME = AppIcon;
				ASSETCATALOG_COMPILER_GLOBAL_ACCENT_COLOR_NAME = AccentColor;
				CODE_SIGN_STYLE = Automatic;
				CURRENT_PROJECT_VERSION = 1;
				DEVELOPMENT_ASSET_PATHS = "\"StormyClient/Preview Content\"";
				DEVELOPMENT_TEAM = TYRX6N2F5G;
				ENABLE_PREVIEWS = YES;
				GENERATE_INFOPLIST_FILE = YES;
				INFOPLIST_KEY_CFBundleDisplayName = Stormy;
				INFOPLIST_KEY_NSLocationWhenInUseUsageDescription = "Location will be used in the app for wather syncing.";
				INFOPLIST_KEY_UIApplicationSceneManifest_Generation = YES;
				INFOPLIST_KEY_UIApplicationSupportsIndirectInputEvents = YES;
				INFOPLIST_KEY_UILaunchScreen_Generation = YES;
				INFOPLIST_KEY_UISupportedInterfaceOrientations_iPad = "UIInterfaceOrientationPortrait UIInterfaceOrientationPortraitUpsideDown UIInterfaceOrientationLandscapeLeft UIInterfaceOrientationLandscapeRight";
				INFOPLIST_KEY_UISupportedInterfaceOrientations_iPhone = "UIInterfaceOrientationPortrait UIInterfaceOrientationLandscapeLeft UIInterfaceOrientationLandscapeRight";
				LD_RUNPATH_SEARCH_PATHS = (
					"$(inherited)",
					"@executable_path/Frameworks",
				);
				MARKETING_VERSION = 1.0;
				PRODUCT_BUNDLE_IDENTIFIER = com.fontys.StormyClient;
				PRODUCT_NAME = "$(TARGET_NAME)";
				SWIFT_EMIT_LOC_STRINGS = YES;
				SWIFT_VERSION = 5.0;
				TARGETED_DEVICE_FAMILY = "1,2";
			};
			name = Release;
		};
/* End XCBuildConfiguration section */

/* Begin XCConfigurationList section */
		B5EC2AD129CEF85F0010B005 /* Build configuration list for PBXProject "StormyClient" */ = {
			isa = XCConfigurationList;
			buildConfigurations = (
				B5EC2AE229CEF8600010B005 /* Debug */,
				B5EC2AE329CEF8600010B005 /* Release */,
			);
			defaultConfigurationIsVisible = 0;
			defaultConfigurationName = Release;
		};
		B5EC2AE429CEF8600010B005 /* Build configuration list for PBXNativeTarget "StormyClient" */ = {
			isa = XCConfigurationList;
			buildConfigurations = (
				B5EC2AE529CEF8600010B005 /* Debug */,
				B5EC2AE629CEF8600010B005 /* Release */,
			);
			defaultConfigurationIsVisible = 0;
			defaultConfigurationName = Release;
		};
/* End XCConfigurationList section */
	};
	rootObject = B5EC2ACE29CEF85F0010B005 /* Project object */;
}
